<?xml version="1.0" encoding="utf-8"?>
<Project ToolsVersion="4.0" xmlns="http://schemas.microsoft.com/developer/msbuild/2003">
  <ItemGroup>
    <Filter Include="File di origine">
      <UniqueIdentifier>{4FC737F1-C7A5-4376-A066-2A32D752A2FF}</UniqueIdentifier>
      <Extensions>cpp;c;cc;cxx;c++;cppm;ixx;def;odl;idl;hpj;bat;asm;asmx</Extensions>
    </Filter>
    <Filter Include="File di risorse">
      <UniqueIdentifier>{67DA6AB6-F800-4c08-8B7A-83BB121AAD01}</UniqueIdentifier>
      <Extensions>rc;ico;cur;bmp;dlg;rc2;rct;bin;rgs;gif;jpg;jpeg;jpe;resx;tiff;tif;png;wav;mfcribbon-ms</Extensions>
    </Filter>
  </ItemGroup>
  <ItemGroup>
    <ClCompile Include="main.cpp">
      <Filter>File di origine</Filter>
    </ClCompile>
    <ClCompile Include="render\imgui\imgui_demo.cpp">
      <Filter>File di origine</Filter>
    </ClCompile>
    <ClCompile Include="render\imgui\imgui_draw.cpp">
      <Filter>File di origine</Filter>
    </ClCompile>
    <ClCompile Include="render\imgui\imgui_tables.cpp">
      <Filter>File di origine</Filter>
    </ClCompile>
    <ClCompile Include="render\imgui\imgui_tricks.cpp">
      <Filter>File di origine</Filter>
    </ClCompile>
    <ClCompile Include="render\imgui\imgui_widgets.cpp">
      <Filter>File di origine</Filter>
    </ClCompile>
    <ClCompile Include="render\imgui\imgui.cpp">
      <Filter>File di origine</Filter>
    </ClCompile>
    <ClCompile Include="..\..\..\..\Downloads\1011\backends\imgui_impl_dx11.cpp">
      <Filter>File di origine</Filter>
    </ClCompile>
    <ClCompile Include="render\imgui\imgui_impl_win32.cpp">
      <Filter>File di origine</Filter>
    </ClCompile>
    <ClCompile Include="render\imgui\imgui_impl_dx11.cpp">
      <Filter>File di origine</Filter>
    </ClCompile>
    <ClCompile Include="render\imgui\custom.cpp">
      <Filter>File di origine</Filter>
    </ClCompile>
  </ItemGroup>
  <ItemGroup>
    <ClInclude Include="render\render.hpp" />
    <ClInclude Include="utils\console.hpp" />
    <ClInclude Include="utils\lighlog.hpp" />
    <ClInclude Include="utils\memory.hpp" />
    <ClInclude Include="utils\xor.hpp" />
    <ClInclude Include="utils\utils.h" />
    <ClInclude Include="config.h" />
    <ClInclude Include="roblox\triggers.hpp" />
    <ClInclude Include="utils\hooks.hpp" />
    <ClInclude Include="roblox\roblox.h" />
    <ClInclude Include="render\imgui\imgui.h" />
    <ClInclude Include="render\imgui\imgui_internal.h" />
    <ClInclude Include="render\imgui\imgui_tricks.hpp" />
    <ClInclude Include="render\imgui\imstb_rectpack.h" />
    <ClInclude Include="render\imgui\imstb_textedit.h" />
    <ClInclude Include="render\imgui\imstb_truetype.h" />
    <ClInclude Include="render\imgui\custom.hpp" />
    <ClInclude Include="render\imgui\font.hpp" />
    <ClInclude Include="..\..\..\..\Downloads\1011\backends\imgui_impl_dx11.h" />
    <ClInclude Include="render\imgui\imgui_impl_win32.h" />
    <ClInclude Include="render\imgui\imconfig.h" />
    <ClInclude Include="render\imgui\imgui_impl_dx11.h" />
    <ClInclude Include="roblox\compression\xxhash.h" />
    <ClInclude Include="roblox\compression\zstd.h" />
    <ClInclude Include="roblox\luau\Ast.h" />
    <ClInclude Include="roblox\luau\BuiltinFolding.h" />
    <ClInclude Include="roblox\luau\Builtins.h" />
    <ClInclude Include="roblox\luau\Bytecode.h" />
    <ClInclude Include="roblox\luau\BytecodeBuilder.h" />
    <ClInclude Include="roblox\luau\Common.h" />
    <ClInclude Include="roblox\luau\Compiler.h" />
    <ClInclude Include="roblox\luau\Confusables.h" />
    <ClInclude Include="roblox\luau\ConstantFolding.h" />
    <ClInclude Include="roblox\luau\CostModel.h" />
    <ClInclude Include="roblox\luau\DenseHash.h" />
    <ClInclude Include="roblox\luau\ExperimentalFlags.h" />
    <ClInclude Include="roblox\luau\lapi.h" />
    <ClInclude Include="roblox\luau\lbuiltins.h" />
    <ClInclude Include="roblox\luau\lbytecode.h" />
    <ClInclude Include="roblox\luau\lcommon.h" />
    <ClInclude Include="roblox\luau\ldebug.h" />
    <ClInclude Include="roblox\luau\ldo.h" />
    <ClInclude Include="roblox\luau\Lexer.h" />
    <ClInclude Include="roblox\luau\lfunc.h" />
    <ClInclude Include="roblox\luau\lgc.h" />
    <ClInclude Include="roblox\luau\lmem.h" />
    <ClInclude Include="roblox\luau\lnumutils.h" />
    <ClInclude Include="roblox\luau\lobject.h" />
    <ClInclude Include="roblox\luau\Location.h" />
    <ClInclude Include="roblox\luau\lstate.h" />
    <ClInclude Include="roblox\luau\lstring.h" />
    <ClInclude Include="roblox\luau\ltable.h" />
    <ClInclude Include="roblox\luau\ltm.h" />
    <ClInclude Include="roblox\luau\lua.h" />
    <ClInclude Include="roblox\luau\luacode.h" />
    <ClInclude Include="roblox\luau\luaconf.h" />
    <ClInclude Include="roblox\luau\lualib.h" />
    <ClInclude Include="roblox\luau\ludata.h" />
    <ClInclude Include="roblox\luau\lvm.h" />
    <ClInclude Include="roblox\luau\ParseOptions.h" />
    <ClInclude Include="roblox\luau\Parser.h" />
    <ClInclude Include="roblox\luau\ParseResult.h" />
    <ClInclude Include="roblox\luau\StringUtils.h" />
    <ClInclude Include="roblox\luau\TableShape.h" />
    <ClInclude Include="roblox\luau\TimeTrace.h" />
    <ClInclude Include="roblox\luau\ValueTracking.h" />
    <ClInclude Include="roblox\executor.hpp" />
    <ClInclude Include="roblox\scheduler.hpp" />
  </ItemGroup>
</Project>